
Microsoft Visual Studio Solution File, Format Version 12.00
# Visual Studio Version 16
VisualStudioVersion = 16.0.31911.196
MinimumVisualStudioVersion = 10.0.40219.1
Project("{FAE04EC0-301F-11D3-BF4B-00C04F79EFBC}") = "RazorPagesUI_2", "RazorPagesUI_2\RazorPagesUI_2.csproj", "{C38E1D8E-398C-4441-B874-DC9CE3AEDBCA}"
EndProject
Global
	GlobalSection(SolutionConfigurationPlatforms) = preSolution
		Debug|Any CPU = Debug|Any CPU
		Release|Any CPU = Release|Any CPU
	EndGlobalSection
	GlobalSection(ProjectConfigurationPlatforms) = postSolution
		{C38E1D8E-398C-4441-B874-DC9CE3AEDBCA}.Debug|Any CPU.ActiveCfg = Debug|Any CPU
		{C38E1D8E-398C-4441-B874-DC9CE3AEDBCA}.Debug|Any CPU.Build.0 = Debug|Any CPU
		{C38E1D8E-398C-4441-B874-DC9CE3AEDBCA}.Release|Any CPU.ActiveCfg = Release|Any CPU
		{C38E1D8E-398C-4441-B874-DC9CE3AEDBCA}.Release|Any CPU.Build.0 = Release|Any CPU
	EndGlobalSection
	GlobalSection(SolutionProperties) = preSolution
		HideSolutionNode = FALSE
	EndGlobalSection
	GlobalSection(ExtensibilityGlobals) = postSolution
		SolutionGuid = {EA52F24A-BC7A-411A-A002-F43849AD5CD0}
	EndGlobalSection
EndGlobal
